{
  "version": 4,
  "terraform_version": "1.3.2",
  "serial": 21,
  "lineage": "c0c06422-5748-2944-38d7-fc95a804e0ae",
  "outputs": {},
  "resources": [
    {
      "mode": "managed",
      "type": "digitalocean_kubernetes_cluster",
      "name": "api-temp-cluster",
      "provider": "provider[\"registry.terraform.io/digitalocean/digitalocean\"]",
      "instances": [
        {
          "schema_version": 3,
          "attributes": {
            "auto_upgrade": false,
            "cluster_subnet": "10.244.0.0/16",
            "created_at": "2022-10-25 12:38:22 +0000 UTC",
            "endpoint": "https://dd541a60-3305-491e-bf4e-9d016bd03e5a.k8s.ondigitalocean.com",
            "ha": false,
            "id": "dd541a60-3305-491e-bf4e-9d016bd03e5a",
            "ipv4_address": "",
            "kube_config": [
              {
                "client_certificate": "",
                "client_key": "",
                "cluster_ca_certificate": "LS0tLS1CRUdJTiBDRVJUSUZJQ0FURS0tLS0tCk1JSURKekNDQWcrZ0F3SUJBZ0lDQm5Vd0RRWUpLb1pJaHZjTkFRRUxCUUF3TXpFVk1CTUdBMVVFQ2hNTVJHbG4KYVhSaGJFOWpaV0Z1TVJvd0dBWURWUVFERXhGck9ITmhZWE1nUTJ4MWMzUmxjaUJEUVRBZUZ3MHlNakV3TWpVeApNak00TXpOYUZ3MDBNakV3TWpVeE1qTTRNek5hTURNeEZUQVRCZ05WQkFvVERFUnBaMmwwWVd4UFkyVmhiakVhCk1CZ0dBMVVFQXhNUmF6aHpZV0Z6SUVOc2RYTjBaWElnUTBFd2dnRWlNQTBHQ1NxR1NJYjNEUUVCQVFVQUE0SUIKRHdBd2dnRUtBb0lCQVFDalVMaGQ0YjU1WXpoSktrM09FaG40WlJSWlVnN0s5TWNOaG43NlcrQnJwNlBVU3ErTQpReVRBQnI4Ymh2OWRzMFo5VXlEbXF6QWZJeFNkNHVWclVYMW9zUkJHLzhyM1NpaUlIUVI3cDMxWUVLbGdtcWVlClBTR0V0RDlNUE00dWtKRjl5MTJxVWJlMW1PejBXS0xwY25ZckJZMFdHdGZ2V3NMa1ZNbElrVHRSdlZpVmZKK3oKR0ZUdEZrUVBKbWJtVFJFcHhyWE1aWG55TnM0Mkc0TVhlaWc4bmhFSitmWUR1L0lwb1VnZ0JEWWNvZGlya21JVgpXVDdIemdwR2Y3Y3NTdCt3alFHUSsxdHRMOFhMUFVRNHd0ZVdvQ0pSVUpDeGZ1RGpTR3IwYWk2ajhTdnNhRm4yCm9DUHFRR0EyUXgzbDhqdEVBYkZaM0FUSmphZFRZaU9CenNSL0FnTUJBQUdqUlRCRE1BNEdBMVVkRHdFQi93UUUKQXdJQmhqQVNCZ05WSFJNQkFmOEVDREFHQVFIL0FnRUFNQjBHQTFVZERnUVdCQlFzVnlKL0hTemRic2VyUXRNeQpzaDd5MEo2VllEQU5CZ2txaGtpRzl3MEJBUXNGQUFPQ0FRRUFPdFJVK1Y2ZkYxYk0veXNaaWtRRkFPalBWRlFmCnkrMVFpaHNpYzNhL3l5NkRReXZvdThOZFIyejNaVllBcDVseTFwUFRMWDlpcGhKMjg3YXFMaHRzSEZXU3J5cDUKandEcHlFa0I2emU1OE55Q1ZweWpGWWViNldXdXA1TFE5Y0h0WFNVYmlldzR0bFJEZEIxMWtsd0lvSTZXbHpwYwpTVUNzZzV2WVlNOXJhZGNGQ0JaaytUZ1daejQzaTR6d2JOQ0RNVno1K2JFVnpnbzZpK0J4b29ER1ErQkMrN01GCkJ2VkZtMmpmT3ZOWVZpZXlnRElWUEJLYmtlcExCaUVGRnBQSDB5L1RCcEtSWlJVRDZDQUdwK2dsTmUvczZhQWwKQnE5TXFqVWJPUFc0ZTNCRS9BY3dTZ1RKckFxZFVPMDNpYndqeElCTTM2YUh6YTJNWU1rWUYwOGpUUT09Ci0tLS0tRU5EIENFUlRJRklDQVRFLS0tLS0K",
                "expires_at": "2022-11-01T12:44:04Z",
                "host": "https://dd541a60-3305-491e-bf4e-9d016bd03e5a.k8s.ondigitalocean.com",
                "raw_config": "apiVersion: v1\nkind: Config\nclusters:\n- cluster:\n    certificate-authority-data: LS0tLS1CRUdJTiBDRVJUSUZJQ0FURS0tLS0tCk1JSURKekNDQWcrZ0F3SUJBZ0lDQm5Vd0RRWUpLb1pJaHZjTkFRRUxCUUF3TXpFVk1CTUdBMVVFQ2hNTVJHbG4KYVhSaGJFOWpaV0Z1TVJvd0dBWURWUVFERXhGck9ITmhZWE1nUTJ4MWMzUmxjaUJEUVRBZUZ3MHlNakV3TWpVeApNak00TXpOYUZ3MDBNakV3TWpVeE1qTTRNek5hTURNeEZUQVRCZ05WQkFvVERFUnBaMmwwWVd4UFkyVmhiakVhCk1CZ0dBMVVFQXhNUmF6aHpZV0Z6SUVOc2RYTjBaWElnUTBFd2dnRWlNQTBHQ1NxR1NJYjNEUUVCQVFVQUE0SUIKRHdBd2dnRUtBb0lCQVFDalVMaGQ0YjU1WXpoSktrM09FaG40WlJSWlVnN0s5TWNOaG43NlcrQnJwNlBVU3ErTQpReVRBQnI4Ymh2OWRzMFo5VXlEbXF6QWZJeFNkNHVWclVYMW9zUkJHLzhyM1NpaUlIUVI3cDMxWUVLbGdtcWVlClBTR0V0RDlNUE00dWtKRjl5MTJxVWJlMW1PejBXS0xwY25ZckJZMFdHdGZ2V3NMa1ZNbElrVHRSdlZpVmZKK3oKR0ZUdEZrUVBKbWJtVFJFcHhyWE1aWG55TnM0Mkc0TVhlaWc4bmhFSitmWUR1L0lwb1VnZ0JEWWNvZGlya21JVgpXVDdIemdwR2Y3Y3NTdCt3alFHUSsxdHRMOFhMUFVRNHd0ZVdvQ0pSVUpDeGZ1RGpTR3IwYWk2ajhTdnNhRm4yCm9DUHFRR0EyUXgzbDhqdEVBYkZaM0FUSmphZFRZaU9CenNSL0FnTUJBQUdqUlRCRE1BNEdBMVVkRHdFQi93UUUKQXdJQmhqQVNCZ05WSFJNQkFmOEVDREFHQVFIL0FnRUFNQjBHQTFVZERnUVdCQlFzVnlKL0hTemRic2VyUXRNeQpzaDd5MEo2VllEQU5CZ2txaGtpRzl3MEJBUXNGQUFPQ0FRRUFPdFJVK1Y2ZkYxYk0veXNaaWtRRkFPalBWRlFmCnkrMVFpaHNpYzNhL3l5NkRReXZvdThOZFIyejNaVllBcDVseTFwUFRMWDlpcGhKMjg3YXFMaHRzSEZXU3J5cDUKandEcHlFa0I2emU1OE55Q1ZweWpGWWViNldXdXA1TFE5Y0h0WFNVYmlldzR0bFJEZEIxMWtsd0lvSTZXbHpwYwpTVUNzZzV2WVlNOXJhZGNGQ0JaaytUZ1daejQzaTR6d2JOQ0RNVno1K2JFVnpnbzZpK0J4b29ER1ErQkMrN01GCkJ2VkZtMmpmT3ZOWVZpZXlnRElWUEJLYmtlcExCaUVGRnBQSDB5L1RCcEtSWlJVRDZDQUdwK2dsTmUvczZhQWwKQnE5TXFqVWJPUFc0ZTNCRS9BY3dTZ1RKckFxZFVPMDNpYndqeElCTTM2YUh6YTJNWU1rWUYwOGpUUT09Ci0tLS0tRU5EIENFUlRJRklDQVRFLS0tLS0K\n    server: https://dd541a60-3305-491e-bf4e-9d016bd03e5a.k8s.ondigitalocean.com\n  name: do-ams3-api-temp-cluster\ncontexts:\n- context:\n    cluster: do-ams3-api-temp-cluster\n    user: do-ams3-api-temp-cluster-admin\n  name: do-ams3-api-temp-cluster\ncurrent-context: do-ams3-api-temp-cluster\nusers:\n- name: do-ams3-api-temp-cluster-admin\n  user:\n    token: dop_v1_c2dc723f7b116be56f9d6eaa2f6cd9561a6cf3e23357e8b9a20f620db76c2e66\n",
                "token": "dop_v1_c2dc723f7b116be56f9d6eaa2f6cd9561a6cf3e23357e8b9a20f620db76c2e66"
              }
            ],
            "maintenance_policy": [
              {
                "day": "any",
                "duration": "4h0m0s",
                "start_time": "4:00"
              }
            ],
            "name": "api-temp-cluster",
            "node_pool": [
              {
                "actual_node_count": 1,
                "auto_scale": false,
                "id": "156a956a-ddc0-4c9e-9685-e2e0e51dc79c",
                "labels": null,
                "max_nodes": 0,
                "min_nodes": 0,
                "name": "default",
                "node_count": 1,
                "nodes": [
                  {
                    "created_at": "2022-10-25 12:38:22 +0000 UTC",
                    "droplet_id": "322817823",
                    "id": "da676c2f-9f6a-42ca-9b59-14cb42f36470",
                    "name": "default-70gu8",
                    "status": "running",
                    "updated_at": "2022-10-25 12:40:33 +0000 UTC"
                  }
                ],
                "size": "s-1vcpu-2gb",
                "tags": null,
                "taint": []
              }
            ],
            "region": "ams3",
            "service_subnet": "10.245.0.0/16",
            "status": "running",
            "surge_upgrade": true,
            "tags": null,
            "timeouts": null,
            "updated_at": "2022-10-25 12:43:55 +0000 UTC",
            "urn": "do:kubernetes:dd541a60-3305-491e-bf4e-9d016bd03e5a",
            "version": "1.24.4-do.0",
            "vpc_uuid": "f86db068-1d88-4bb2-94de-1f9589262552"
          },
          "sensitive_attributes": [],
          "private": "eyJlMmJmYjczMC1lY2FhLTExZTYtOGY4OC0zNDM2M2JjN2M0YzAiOnsiY3JlYXRlIjoxODAwMDAwMDAwMDAwfSwic2NoZW1hX3ZlcnNpb24iOiIzIn0="
        }
      ]
    },
    {
      "mode": "managed",
      "type": "kubernetes_deployment",
      "name": "api-temp-deployment",
      "provider": "provider[\"registry.terraform.io/hashicorp/kubernetes\"]",
      "instances": [
        {
          "status": "tainted",
          "schema_version": 1,
          "attributes": {
            "id": "default/api-temp-cluster-deployment",
            "metadata": [
              {
                "annotations": null,
                "generate_name": "",
                "generation": 0,
                "labels": null,
                "name": "api-temp-cluster-deployment",
                "namespace": "default",
                "resource_version": "",
                "uid": ""
              }
            ],
            "spec": [
              {
                "min_ready_seconds": 0,
                "paused": false,
                "progress_deadline_seconds": 600,
                "replicas": "1",
                "revision_history_limit": 10,
                "selector": [
                  {
                    "match_expressions": [],
                    "match_labels": {
                      "app": "api-temp-cluster-deployment"
                    }
                  }
                ],
                "strategy": [],
                "template": [
                  {
                    "metadata": [
                      {
                        "annotations": null,
                        "generate_name": "",
                        "generation": 0,
                        "labels": {
                          "app": "api-temp-cluster-deployment"
                        },
                        "name": "",
                        "namespace": "",
                        "resource_version": "",
                        "uid": ""
                      }
                    ],
                    "spec": [
                      {
                        "active_deadline_seconds": 0,
                        "affinity": [],
                        "automount_service_account_token": true,
                        "container": [
                          {
                            "args": null,
                            "command": null,
                            "env": [],
                            "env_from": [],
                            "image": "vedant2040/nodeapp:v0",
                            "image_pull_policy": "",
                            "lifecycle": [],
                            "liveness_probe": [],
                            "name": "nodeappcontainer",
                            "port": [
                              {
                                "container_port": 3000,
                                "host_ip": "",
                                "host_port": 0,
                                "name": "",
                                "protocol": "TCP"
                              }
                            ],
                            "readiness_probe": [],
                            "resources": [
                              {
                                "limits": {
                                  "cpu": "2",
                                  "memory": "512M"
                                },
                                "requests": {
                                  "cpu": "1",
                                  "memory": "256M"
                                }
                              }
                            ],
                            "security_context": [],
                            "startup_probe": [],
                            "stdin": false,
                            "stdin_once": false,
                            "termination_message_path": "/dev/termination-log",
                            "termination_message_policy": "",
                            "tty": false,
                            "volume_mount": [],
                            "working_dir": ""
                          }
                        ],
                        "dns_config": [],
                        "dns_policy": "ClusterFirst",
                        "enable_service_links": true,
                        "host_aliases": [],
                        "host_ipc": false,
                        "host_network": false,
                        "host_pid": false,
                        "hostname": "",
                        "image_pull_secrets": [],
                        "init_container": [],
                        "node_name": "",
                        "node_selector": null,
                        "priority_class_name": "",
                        "readiness_gate": [],
                        "restart_policy": "Always",
                        "security_context": [],
                        "service_account_name": "",
                        "share_process_namespace": false,
                        "subdomain": "",
                        "termination_grace_period_seconds": 30,
                        "toleration": [],
                        "topology_spread_constraint": [],
                        "volume": []
                      }
                    ]
                  }
                ]
              }
            ],
            "timeouts": null,
            "wait_for_rollout": true
          },
          "sensitive_attributes": [],
          "private": "eyJlMmJmYjczMC1lY2FhLTExZTYtOGY4OC0zNDM2M2JjN2M0YzAiOnsiY3JlYXRlIjo2MDAwMDAwMDAwMDAsImRlbGV0ZSI6NjAwMDAwMDAwMDAwLCJ1cGRhdGUiOjYwMDAwMDAwMDAwMH0sInNjaGVtYV92ZXJzaW9uIjoiMSJ9",
          "dependencies": [
            "digitalocean_kubernetes_cluster.api-temp-cluster"
          ]
        }
      ]
    },
    {
      "mode": "managed",
      "type": "kubernetes_service",
      "name": "api-temp-service",
      "provider": "provider[\"registry.terraform.io/hashicorp/kubernetes\"]",
      "instances": [
        {
          "schema_version": 1,
          "attributes": {
            "id": "default/api-temp-cluster-service",
            "metadata": [
              {
                "annotations": null,
                "generate_name": "",
                "generation": 0,
                "labels": null,
                "name": "api-temp-cluster-service",
                "namespace": "default",
                "resource_version": "1567",
                "uid": "aab90e72-d907-4871-bf59-10f63f7abfab"
              }
            ],
            "spec": [
              {
                "allocate_load_balancer_node_ports": true,
                "cluster_ip": "10.245.214.83",
                "cluster_ips": [
                  "10.245.214.83"
                ],
                "external_ips": null,
                "external_name": "",
                "external_traffic_policy": "",
                "health_check_node_port": 0,
                "internal_traffic_policy": "Cluster",
                "ip_families": [
                  "IPv4"
                ],
                "ip_family_policy": "SingleStack",
                "load_balancer_class": "",
                "load_balancer_ip": "",
                "load_balancer_source_ranges": null,
                "port": [
                  {
                    "app_protocol": "",
                    "name": "",
                    "node_port": 0,
                    "port": 3000,
                    "protocol": "TCP",
                    "target_port": "3000"
                  }
                ],
                "publish_not_ready_addresses": false,
                "selector": {
                  "app": "api-temp-cluster-service"
                },
                "session_affinity": "None",
                "session_affinity_config": [],
                "type": "ClusterIP"
              }
            ],
            "status": [
              {
                "load_balancer": [
                  {
                    "ingress": []
                  }
                ]
              }
            ],
            "timeouts": null,
            "wait_for_load_balancer": true
          },
          "sensitive_attributes": [],
          "private": "eyJlMmJmYjczMC1lY2FhLTExZTYtOGY4OC0zNDM2M2JjN2M0YzAiOnsiY3JlYXRlIjo2MDAwMDAwMDAwMDB9LCJzY2hlbWFfdmVyc2lvbiI6IjEifQ==",
          "dependencies": [
            "digitalocean_kubernetes_cluster.api-temp-cluster"
          ]
        }
      ]
    }
  ],
  "check_results": []
}
