{
  "version": 4,
  "terraform_version": "1.3.2",
  "serial": 10,
  "lineage": "c0c06422-5748-2944-38d7-fc95a804e0ae",
  "outputs": {},
  "resources": [
    {
      "mode": "managed",
      "type": "digitalocean_kubernetes_cluster",
      "name": "api-temp-cluster",
      "provider": "provider[\"registry.terraform.io/digitalocean/digitalocean\"]",
      "instances": [
        {
          "schema_version": 3,
          "attributes": {
            "auto_upgrade": false,
            "cluster_subnet": "10.244.0.0/16",
            "created_at": "2022-10-24 07:00:58 +0000 UTC",
            "endpoint": "https://d19337ee-702f-491c-a84c-5a2678e7b62e.k8s.ondigitalocean.com",
            "ha": false,
            "id": "d19337ee-702f-491c-a84c-5a2678e7b62e",
            "ipv4_address": "",
            "kube_config": [
              {
                "client_certificate": "",
                "client_key": "",
                "cluster_ca_certificate": "LS0tLS1CRUdJTiBDRVJUSUZJQ0FURS0tLS0tCk1JSURKekNDQWcrZ0F3SUJBZ0lDQm5Vd0RRWUpLb1pJaHZjTkFRRUxCUUF3TXpFVk1CTUdBMVVFQ2hNTVJHbG4KYVhSaGJFOWpaV0Z1TVJvd0dBWURWUVFERXhGck9ITmhZWE1nUTJ4MWMzUmxjaUJEUVRBZUZ3MHlNakV3TWpRdwpOekF4TURkYUZ3MDBNakV3TWpRd056QXhNRGRhTURNeEZUQVRCZ05WQkFvVERFUnBaMmwwWVd4UFkyVmhiakVhCk1CZ0dBMVVFQXhNUmF6aHpZV0Z6SUVOc2RYTjBaWElnUTBFd2dnRWlNQTBHQ1NxR1NJYjNEUUVCQVFVQUE0SUIKRHdBd2dnRUtBb0lCQVFEWU9EK0RacUpFM1djbjh5V0h1MjA1V0VHdVVyUEtqY2NFR1Z3TnZTUldMSDdlREZ3MwpMcnNHU3BkaDc2b2ROM1ZZYWIzeWt3RFhSdGRmM2FaU2c3dExSY2pOUGpHR0dkV1lXOUZLbUVHcmVkcDB5cGhxCkZlZ3ZZTkJDUFNxQmRRNzBKbmxVdStURG5xQSsvVGFjZHBtYlVoWmptcTh6U1k5ZEJwYWFOZWIzNFBYWFBtYzYKWXpKTUdoS3hxZjRTbE1zRHdSTmJrdFJDZ2Nzd3crbmV2M1RoZkVyTC9ZM0VEUExVK3ZmVkhscElnNEZnOUk1Zwo0dzZmQ3VtQTgvdkdZQzZlQnJoNlFyNXRkT0pXbjBHbGNYRWYzeUlVZmNXUDErNHowcUhvZXhmVmZVMzhJbWFvClIyVU96RjJuSlU2L0x5b1Z6UU11WWlaa2YxcytUZTc4dUFUWEFnTUJBQUdqUlRCRE1BNEdBMVVkRHdFQi93UUUKQXdJQmhqQVNCZ05WSFJNQkFmOEVDREFHQVFIL0FnRUFNQjBHQTFVZERnUVdCQlMwTU1rZTkzM3JQWEIreGYwVQo0NXF0RnF4em96QU5CZ2txaGtpRzl3MEJBUXNGQUFPQ0FRRUFWeFNYSVJ3a0xwa3B4L2p4U0pLVGk2ajB1bmlIClF3VmRwN2VSYXE4YU54a08vYlhSNWwvL0NSOUVWbjZJVTZXRFB5Y1p0Y1EvOUI1SU9rWU9MKzNxL3VEM25vOW0KRENDTm9PeU9YV3AyT1YvMDhGRFMxTVhnS2xIeCtUTnZqMWF0azF3ZjQ0TngvdEw2MWdHWmRFZGZXdUVuclRmWgpnOWVxSmFQVzA5Y0g4WFRXdmhtQnlDeXpyS242d2JjOFgyVksxUld4L1E3OUhjd1IxTnpvekFyRk9qOTdDcUUwCmxHMElHY1RtOWxQZSswYlN5Ynk0VXhwWHY0OHhTUUxlTDRzSWRWMnNaU0wvejFEaUtnSVhiTkJtd09wdFpjTmoKN3ptamMwZFpXbExEMFoxUWQrcStZbDQydlQyN0Z2eTJwTkwxRUl5SHE1V0pkbFVWVWRHTURuVnVrUT09Ci0tLS0tRU5EIENFUlRJRklDQVRFLS0tLS0K",
                "expires_at": "2022-10-31T07:06:39Z",
                "host": "https://d19337ee-702f-491c-a84c-5a2678e7b62e.k8s.ondigitalocean.com",
                "raw_config": "apiVersion: v1\nkind: Config\nclusters:\n- cluster:\n    certificate-authority-data: LS0tLS1CRUdJTiBDRVJUSUZJQ0FURS0tLS0tCk1JSURKekNDQWcrZ0F3SUJBZ0lDQm5Vd0RRWUpLb1pJaHZjTkFRRUxCUUF3TXpFVk1CTUdBMVVFQ2hNTVJHbG4KYVhSaGJFOWpaV0Z1TVJvd0dBWURWUVFERXhGck9ITmhZWE1nUTJ4MWMzUmxjaUJEUVRBZUZ3MHlNakV3TWpRdwpOekF4TURkYUZ3MDBNakV3TWpRd056QXhNRGRhTURNeEZUQVRCZ05WQkFvVERFUnBaMmwwWVd4UFkyVmhiakVhCk1CZ0dBMVVFQXhNUmF6aHpZV0Z6SUVOc2RYTjBaWElnUTBFd2dnRWlNQTBHQ1NxR1NJYjNEUUVCQVFVQUE0SUIKRHdBd2dnRUtBb0lCQVFEWU9EK0RacUpFM1djbjh5V0h1MjA1V0VHdVVyUEtqY2NFR1Z3TnZTUldMSDdlREZ3MwpMcnNHU3BkaDc2b2ROM1ZZYWIzeWt3RFhSdGRmM2FaU2c3dExSY2pOUGpHR0dkV1lXOUZLbUVHcmVkcDB5cGhxCkZlZ3ZZTkJDUFNxQmRRNzBKbmxVdStURG5xQSsvVGFjZHBtYlVoWmptcTh6U1k5ZEJwYWFOZWIzNFBYWFBtYzYKWXpKTUdoS3hxZjRTbE1zRHdSTmJrdFJDZ2Nzd3crbmV2M1RoZkVyTC9ZM0VEUExVK3ZmVkhscElnNEZnOUk1Zwo0dzZmQ3VtQTgvdkdZQzZlQnJoNlFyNXRkT0pXbjBHbGNYRWYzeUlVZmNXUDErNHowcUhvZXhmVmZVMzhJbWFvClIyVU96RjJuSlU2L0x5b1Z6UU11WWlaa2YxcytUZTc4dUFUWEFnTUJBQUdqUlRCRE1BNEdBMVVkRHdFQi93UUUKQXdJQmhqQVNCZ05WSFJNQkFmOEVDREFHQVFIL0FnRUFNQjBHQTFVZERnUVdCQlMwTU1rZTkzM3JQWEIreGYwVQo0NXF0RnF4em96QU5CZ2txaGtpRzl3MEJBUXNGQUFPQ0FRRUFWeFNYSVJ3a0xwa3B4L2p4U0pLVGk2ajB1bmlIClF3VmRwN2VSYXE4YU54a08vYlhSNWwvL0NSOUVWbjZJVTZXRFB5Y1p0Y1EvOUI1SU9rWU9MKzNxL3VEM25vOW0KRENDTm9PeU9YV3AyT1YvMDhGRFMxTVhnS2xIeCtUTnZqMWF0azF3ZjQ0TngvdEw2MWdHWmRFZGZXdUVuclRmWgpnOWVxSmFQVzA5Y0g4WFRXdmhtQnlDeXpyS242d2JjOFgyVksxUld4L1E3OUhjd1IxTnpvekFyRk9qOTdDcUUwCmxHMElHY1RtOWxQZSswYlN5Ynk0VXhwWHY0OHhTUUxlTDRzSWRWMnNaU0wvejFEaUtnSVhiTkJtd09wdFpjTmoKN3ptamMwZFpXbExEMFoxUWQrcStZbDQydlQyN0Z2eTJwTkwxRUl5SHE1V0pkbFVWVWRHTURuVnVrUT09Ci0tLS0tRU5EIENFUlRJRklDQVRFLS0tLS0K\n    server: https://d19337ee-702f-491c-a84c-5a2678e7b62e.k8s.ondigitalocean.com\n  name: do-ams3-api-temp-cluster\ncontexts:\n- context:\n    cluster: do-ams3-api-temp-cluster\n    user: do-ams3-api-temp-cluster-admin\n  name: do-ams3-api-temp-cluster\ncurrent-context: do-ams3-api-temp-cluster\nusers:\n- name: do-ams3-api-temp-cluster-admin\n  user:\n    token: dop_v1_df73cf00ccf6b5093a6795690185868de6f517c5b51ce996223f482ec464a936\n",
                "token": "dop_v1_df73cf00ccf6b5093a6795690185868de6f517c5b51ce996223f482ec464a936"
              }
            ],
            "maintenance_policy": [
              {
                "day": "any",
                "duration": "4h0m0s",
                "start_time": "20:00"
              }
            ],
            "name": "api-temp-cluster",
            "node_pool": [
              {
                "actual_node_count": 1,
                "auto_scale": false,
                "id": "6fd363a5-20c6-404a-a8a7-daf5298a0159",
                "labels": null,
                "max_nodes": 0,
                "min_nodes": 0,
                "name": "default",
                "node_count": 1,
                "nodes": [
                  {
                    "created_at": "2022-10-24 07:00:58 +0000 UTC",
                    "droplet_id": "322607096",
                    "id": "f6eca0d3-8855-437e-ac58-d132a07b2ebd",
                    "name": "default-7dd2b",
                    "status": "running",
                    "updated_at": "2022-10-24 07:03:48 +0000 UTC"
                  }
                ],
                "size": "s-1vcpu-2gb",
                "tags": null,
                "taint": []
              }
            ],
            "region": "ams3",
            "service_subnet": "10.245.0.0/16",
            "status": "running",
            "surge_upgrade": true,
            "tags": null,
            "timeouts": null,
            "updated_at": "2022-10-24 07:06:29 +0000 UTC",
            "urn": "do:kubernetes:d19337ee-702f-491c-a84c-5a2678e7b62e",
            "version": "1.24.4-do.0",
            "vpc_uuid": "f86db068-1d88-4bb2-94de-1f9589262552"
          },
          "sensitive_attributes": [],
          "private": "eyJlMmJmYjczMC1lY2FhLTExZTYtOGY4OC0zNDM2M2JjN2M0YzAiOnsiY3JlYXRlIjoxODAwMDAwMDAwMDAwfSwic2NoZW1hX3ZlcnNpb24iOiIzIn0="
        }
      ]
    },
    {
      "mode": "managed",
      "type": "kubernetes_deployment",
      "name": "api-temp-deployment",
      "provider": "provider[\"registry.terraform.io/hashicorp/kubernetes\"]",
      "instances": [
        {
          "status": "tainted",
          "schema_version": 1,
          "attributes": {
            "id": "default/api-temp-cluster-deployment",
            "metadata": [
              {
                "annotations": null,
                "generate_name": "",
                "generation": 0,
                "labels": null,
                "name": "api-temp-cluster-deployment",
                "namespace": "default",
                "resource_version": "",
                "uid": ""
              }
            ],
            "spec": [
              {
                "min_ready_seconds": 0,
                "paused": false,
                "progress_deadline_seconds": 600,
                "replicas": "3",
                "revision_history_limit": 10,
                "selector": [
                  {
                    "match_expressions": [],
                    "match_labels": {
                      "app": "api-temp-cluster-deployment"
                    }
                  }
                ],
                "strategy": [],
                "template": [
                  {
                    "metadata": [
                      {
                        "annotations": null,
                        "generate_name": "",
                        "generation": 0,
                        "labels": {
                          "app": "api-temp-cluster-deployment"
                        },
                        "name": "",
                        "namespace": "",
                        "resource_version": "",
                        "uid": ""
                      }
                    ],
                    "spec": [
                      {
                        "active_deadline_seconds": 0,
                        "affinity": [],
                        "automount_service_account_token": true,
                        "container": [
                          {
                            "args": null,
                            "command": null,
                            "env": [],
                            "env_from": [],
                            "image": "vedant2040/nodeapp:v0",
                            "image_pull_policy": "",
                            "lifecycle": [],
                            "liveness_probe": [],
                            "name": "nodeappcontainer",
                            "port": [
                              {
                                "container_port": 3000,
                                "host_ip": "",
                                "host_port": 0,
                                "name": "",
                                "protocol": "TCP"
                              }
                            ],
                            "readiness_probe": [],
                            "resources": [
                              {
                                "limits": {
                                  "cpu": "3",
                                  "memory": "1024M"
                                },
                                "requests": {
                                  "cpu": "2",
                                  "memory": "512M"
                                }
                              }
                            ],
                            "security_context": [],
                            "startup_probe": [],
                            "stdin": false,
                            "stdin_once": false,
                            "termination_message_path": "/dev/termination-log",
                            "termination_message_policy": "",
                            "tty": false,
                            "volume_mount": [],
                            "working_dir": ""
                          }
                        ],
                        "dns_config": [],
                        "dns_policy": "ClusterFirst",
                        "enable_service_links": true,
                        "host_aliases": [],
                        "host_ipc": false,
                        "host_network": false,
                        "host_pid": false,
                        "hostname": "",
                        "image_pull_secrets": [],
                        "init_container": [],
                        "node_name": "",
                        "node_selector": null,
                        "priority_class_name": "",
                        "readiness_gate": [],
                        "restart_policy": "Always",
                        "security_context": [],
                        "service_account_name": "",
                        "share_process_namespace": false,
                        "subdomain": "",
                        "termination_grace_period_seconds": 30,
                        "toleration": [],
                        "topology_spread_constraint": [],
                        "volume": []
                      }
                    ]
                  }
                ]
              }
            ],
            "timeouts": null,
            "wait_for_rollout": true
          },
          "sensitive_attributes": [],
          "private": "eyJlMmJmYjczMC1lY2FhLTExZTYtOGY4OC0zNDM2M2JjN2M0YzAiOnsiY3JlYXRlIjo2MDAwMDAwMDAwMDAsImRlbGV0ZSI6NjAwMDAwMDAwMDAwLCJ1cGRhdGUiOjYwMDAwMDAwMDAwMH0sInNjaGVtYV92ZXJzaW9uIjoiMSJ9",
          "dependencies": [
            "digitalocean_kubernetes_cluster.api-temp-cluster"
          ]
        }
      ]
    },
    {
      "mode": "managed",
      "type": "kubernetes_service",
      "name": "api-temp-service",
      "provider": "provider[\"registry.terraform.io/hashicorp/kubernetes\"]",
      "instances": [
        {
          "schema_version": 1,
          "attributes": {
            "id": "default/api-temp-cluster-service",
            "metadata": [
              {
                "annotations": null,
                "generate_name": "",
                "generation": 0,
                "labels": null,
                "name": "api-temp-cluster-service",
                "namespace": "default",
                "resource_version": "1541",
                "uid": "98a13263-cc61-4900-91a3-9deb50e5e153"
              }
            ],
            "spec": [
              {
                "allocate_load_balancer_node_ports": true,
                "cluster_ip": "10.245.88.172",
                "cluster_ips": [
                  "10.245.88.172"
                ],
                "external_ips": null,
                "external_name": "",
                "external_traffic_policy": "",
                "health_check_node_port": 0,
                "internal_traffic_policy": "Cluster",
                "ip_families": [
                  "IPv4"
                ],
                "ip_family_policy": "SingleStack",
                "load_balancer_class": "",
                "load_balancer_ip": "",
                "load_balancer_source_ranges": null,
                "port": [
                  {
                    "app_protocol": "",
                    "name": "",
                    "node_port": 0,
                    "port": 3000,
                    "protocol": "TCP",
                    "target_port": "3000"
                  }
                ],
                "publish_not_ready_addresses": false,
                "selector": {
                  "app": "api-temp-cluster-service"
                },
                "session_affinity": "None",
                "session_affinity_config": [],
                "type": "ClusterIP"
              }
            ],
            "status": [
              {
                "load_balancer": [
                  {
                    "ingress": []
                  }
                ]
              }
            ],
            "timeouts": null,
            "wait_for_load_balancer": true
          },
          "sensitive_attributes": [],
          "private": "eyJlMmJmYjczMC1lY2FhLTExZTYtOGY4OC0zNDM2M2JjN2M0YzAiOnsiY3JlYXRlIjo2MDAwMDAwMDAwMDB9LCJzY2hlbWFfdmVyc2lvbiI6IjEifQ==",
          "dependencies": [
            "digitalocean_kubernetes_cluster.api-temp-cluster"
          ]
        }
      ]
    }
  ],
  "check_results": []
}
